
Microsoft Visual Studio Solution File, Format Version 12.00
# Visual Studio Version 17
VisualStudioVersion = 17.8.34112.27
MinimumVisualStudioVersion = 10.0.40219.1
Project("{8BC9CEB8-8B4A-11D0-8D11-00A0C91BC942}") = "ConsoleApplication1", "ConsoleApplication1.vcxproj", "{97E639EA-1A60-4BF2-96A7-681784C6D562}"
EndProject
Global
	GlobalSection(SolutionConfigurationPlatforms) = preSolution
		Debug|x64 = Debug|x64
		Debug|x86 = Debug|x86
		Release|x64 = Release|x64
		Release|x86 = Release|x86
	EndGlobalSection
	GlobalSection(ProjectConfigurationPlatforms) = postSolution
		{97E639EA-1A60-4BF2-96A7-681784C6D562}.Debug|x64.ActiveCfg = Debug|x64
		{97E639EA-1A60-4BF2-96A7-681784C6D562}.Debug|x64.Build.0 = Debug|x64
		{97E639EA-1A60-4BF2-96A7-681784C6D562}.Debug|x86.ActiveCfg = Debug|Win32
		{97E639EA-1A60-4BF2-96A7-681784C6D562}.Debug|x86.Build.0 = Debug|Win32
		{97E639EA-1A60-4BF2-96A7-681784C6D562}.Release|x64.ActiveCfg = Release|x64
		{97E639EA-1A60-4BF2-96A7-681784C6D562}.Release|x64.Build.0 = Release|x64
		{97E639EA-1A60-4BF2-96A7-681784C6D562}.Release|x86.ActiveCfg = Release|Win32
		{97E639EA-1A60-4BF2-96A7-681784C6D562}.Release|x86.Build.0 = Release|Win32
	EndGlobalSection
	GlobalSection(SolutionProperties) = preSolution
		HideSolutionNode = FALSE
	EndGlobalSection
	GlobalSection(ExtensibilityGlobals) = postSolution
		SolutionGuid = {E0B7C997-1CA2-4257-BCEC-9E31A603FA8E}
	EndGlobalSection
EndGlobal
